// !$*UTF8*$!
{
	archiveVersion = 1;
	classes = {
	};
	objectVersion = 46;
	objects = {

/* Begin PBXBuildFile section */
		EFBEF9E319B0155A00E2B824 /* state_printer.c in Sources */ = {isa = PBXBuildFile; fileRef = EFBEF9E219B0155A00E2B824 /* state_printer.c */; };
		EFBEF9E519B015A300E2B824 /* test.c in Sources */ = {isa = PBXBuildFile; fileRef = EFBEF9E419B015A300E2B824 /* test.c */; };
		EFBEF9E719B015E900E2B824 /* z502.c in Sources */ = {isa = PBXBuildFile; fileRef = EFBEF9E619B015E900E2B824 /* z502.c */; };
		EFBEF9EB19B0164000E2B824 /* base.c in Sources */ = {isa = PBXBuildFile; fileRef = EFBEF9EA19B0164000E2B824 /* base.c */; };
		EFBEF9ED19B018D000E2B824 /* sample.c in Sources */ = {isa = PBXBuildFile; fileRef = EFBEF9EC19B018D000E2B824 /* sample.c */; };
		EFBEF9F019B299E000E2B824 /* Queue.c in Sources */ = {isa = PBXBuildFile; fileRef = EFBEF9EF19B299E000E2B824 /* Queue.c */; };
/* End PBXBuildFile section */

/* Begin PBXCopyFilesBuildPhase section */
		EFBEF9CE19AFE3E300E2B824 /* CopyFiles */ = {
			isa = PBXCopyFilesBuildPhase;
			buildActionMask = 2147483647;
			dstPath = /usr/share/man/man1/;
			dstSubfolderSpec = 0;
			files = (
			);
			runOnlyForDeploymentPostprocessing = 1;
		};
/* End PBXCopyFilesBuildPhase section */

/* Begin PBXFileReference section */
		EFBEF9D019AFE3E300E2B824 /* test */ = {isa = PBXFileReference; explicitFileType = "compiled.mach-o.executable"; includeInIndex = 0; path = test; sourceTree = BUILT_PRODUCTS_DIR; };
		EFBEF9DE19B012BA00E2B824 /* global.h */ = {isa = PBXFileReference; lastKnownFileType = sourcecode.c.h; path = global.h; sourceTree = "<group>"; };
		EFBEF9DF19B013B800E2B824 /* protos.h */ = {isa = PBXFileReference; lastKnownFileType = sourcecode.c.h; path = protos.h; sourceTree = "<group>"; };
		EFBEF9E019B014C900E2B824 /* z502.h */ = {isa = PBXFileReference; lastKnownFileType = sourcecode.c.h; path = z502.h; sourceTree = "<group>"; };
		EFBEF9E119B0152F00E2B824 /* syscalls.h */ = {isa = PBXFileReference; lastKnownFileType = sourcecode.c.h; path = syscalls.h; sourceTree = "<group>"; };
		EFBEF9E219B0155A00E2B824 /* state_printer.c */ = {isa = PBXFileReference; fileEncoding = 4; lastKnownFileType = sourcecode.c.c; path = state_printer.c; sourceTree = "<group>"; };
		EFBEF9E419B015A300E2B824 /* test.c */ = {isa = PBXFileReference; fileEncoding = 4; lastKnownFileType = sourcecode.c.c; path = test.c; sourceTree = "<group>"; };
		EFBEF9E619B015E900E2B824 /* z502.c */ = {isa = PBXFileReference; fileEncoding = 4; lastKnownFileType = sourcecode.c.c; path = z502.c; sourceTree = "<group>"; };
		EFBEF9EA19B0164000E2B824 /* base.c */ = {isa = PBXFileReference; fileEncoding = 4; lastKnownFileType = sourcecode.c.c; path = base.c; sourceTree = "<group>"; };
		EFBEF9EC19B018D000E2B824 /* sample.c */ = {isa = PBXFileReference; fileEncoding = 4; lastKnownFileType = sourcecode.c.c; path = sample.c; sourceTree = "<group>"; };
		EFBEF9EE19B21BD500E2B824 /* Queue.h */ = {isa = PBXFileReference; lastKnownFileType = sourcecode.c.h; path = Queue.h; sourceTree = "<group>"; };
		EFBEF9EF19B299E000E2B824 /* Queue.c */ = {isa = PBXFileReference; fileEncoding = 4; lastKnownFileType = sourcecode.c.c; path = Queue.c; sourceTree = "<group>"; };
/* End PBXFileReference section */

/* Begin PBXFrameworksBuildPhase section */
		EFBEF9CD19AFE3E300E2B824 /* Frameworks */ = {
			isa = PBXFrameworksBuildPhase;
			buildActionMask = 2147483647;
			files = (
			);
			runOnlyForDeploymentPostprocessing = 0;
		};
/* End PBXFrameworksBuildPhase section */

/* Begin PBXGroup section */
		EFBEF9C719AFE3E300E2B824 = {
			isa = PBXGroup;
			children = (
				EFBEF9D219AFE3E300E2B824 /* test */,
				EFBEF9D119AFE3E300E2B824 /* Products */,
			);
			sourceTree = "<group>";
		};
		EFBEF9D119AFE3E300E2B824 /* Products */ = {
			isa = PBXGroup;
			children = (
				EFBEF9D019AFE3E300E2B824 /* test */,
			);
			name = Products;
			sourceTree = "<group>";
		};
		EFBEF9D219AFE3E300E2B824 /* test */ = {
			isa = PBXGroup;
			children = (
				EFBEF9DE19B012BA00E2B824 /* global.h */,
				EFBEF9DF19B013B800E2B824 /* protos.h */,
				EFBEF9E019B014C900E2B824 /* z502.h */,
				EFBEF9E119B0152F00E2B824 /* syscalls.h */,
				EFBEF9E219B0155A00E2B824 /* state_printer.c */,
				EFBEF9E419B015A300E2B824 /* test.c */,
				EFBEF9E619B015E900E2B824 /* z502.c */,
				EFBEF9EC19B018D000E2B824 /* sample.c */,
				EFBEF9EA19B0164000E2B824 /* base.c */,
				EFBEF9EE19B21BD500E2B824 /* Queue.h */,
				EFBEF9EF19B299E000E2B824 /* Queue.c */,
			);
			path = test;
			sourceTree = "<group>";
		};
/* End PBXGroup section */

/* Begin PBXNativeTarget section */
		EFBEF9CF19AFE3E300E2B824 /* test */ = {
			isa = PBXNativeTarget;
			buildConfigurationList = EFBEF9D919AFE3E300E2B824 /* Build configuration list for PBXNativeTarget "test" */;
			buildPhases = (
				EFBEF9CC19AFE3E300E2B824 /* Sources */,
				EFBEF9CD19AFE3E300E2B824 /* Frameworks */,
				EFBEF9CE19AFE3E300E2B824 /* CopyFiles */,
			);
			buildRules = (
			);
			dependencies = (
			);
			name = test;
			productName = test;
			productReference = EFBEF9D019AFE3E300E2B824 /* test */;
			productType = "com.apple.product-type.tool";
		};
/* End PBXNativeTarget section */

/* Begin PBXProject section */
		EFBEF9C819AFE3E300E2B824 /* Project object */ = {
			isa = PBXProject;
			attributes = {
				LastUpgradeCheck = 0510;
				ORGANIZATIONNAME = "Jian Qiao";
			};
			buildConfigurationList = EFBEF9CB19AFE3E300E2B824 /* Build configuration list for PBXProject "test" */;
			compatibilityVersion = "Xcode 3.2";
			developmentRegion = English;
			hasScannedForEncodings = 0;
			knownRegions = (
				en,
			);
			mainGroup = EFBEF9C719AFE3E300E2B824;
			productRefGroup = EFBEF9D119AFE3E300E2B824 /* Products */;
			projectDirPath = "";
			projectRoot = "";
			targets = (
				EFBEF9CF19AFE3E300E2B824 /* test */,
			);
		};
/* End PBXProject section */

/* Begin PBXSourcesBuildPhase section */
		EFBEF9CC19AFE3E300E2B824 /* Sources */ = {
			isa = PBXSourcesBuildPhase;
			buildActionMask = 2147483647;
			files = (
				EFBEF9EB19B0164000E2B824 /* base.c in Sources */,
				EFBEF9E319B0155A00E2B824 /* state_printer.c in Sources */,
				EFBEF9E519B015A300E2B824 /* test.c in Sources */,
				EFBEF9F019B299E000E2B824 /* Queue.c in Sources */,
				EFBEF9ED19B018D000E2B824 /* sample.c in Sources */,
				EFBEF9E719B015E900E2B824 /* z502.c in Sources */,
			);
			runOnlyForDeploymentPostprocessing = 0;
		};
/* End PBXSourcesBuildPhase section */

/* Begin XCBuildConfiguration section */
		EFBEF9D719AFE3E300E2B824 /* Debug */ = {
			isa = XCBuildConfiguration;
			buildSettings = {
				ALWAYS_SEARCH_USER_PATHS = NO;
				CLANG_CXX_LANGUAGE_STANDARD = "gnu++0x";
				CLANG_CXX_LIBRARY = "libc++";
				CLANG_ENABLE_MODULES = YES;
				CLANG_ENABLE_OBJC_ARC = YES;
				CLANG_WARN_BOOL_CONVERSION = YES;
				CLANG_WARN_CONSTANT_CONVERSION = YES;
				CLANG_WARN_DIRECT_OBJC_ISA_USAGE = YES_ERROR;
				CLANG_WARN_EMPTY_BODY = YES;
				CLANG_WARN_ENUM_CONVERSION = YES;
				CLANG_WARN_INT_CONVERSION = YES;
				CLANG_WARN_OBJC_ROOT_CLASS = YES_ERROR;
				CLANG_WARN__DUPLICATE_METHOD_MATCH = YES;
				COPY_PHASE_STRIP = NO;
				GCC_C_LANGUAGE_STANDARD = gnu99;
				GCC_DYNAMIC_NO_PIC = NO;
				GCC_ENABLE_OBJC_EXCEPTIONS = YES;
				GCC_OPTIMIZATION_LEVEL = 0;
				GCC_PREPROCESSOR_DEFINITIONS = (
					"DEBUG=1",
					"$(inherited)",
				);
				GCC_SYMBOLS_PRIVATE_EXTERN = NO;
				GCC_WARN_64_TO_32_BIT_CONVERSION = YES;
				GCC_WARN_ABOUT_RETURN_TYPE = YES_ERROR;
				GCC_WARN_UNDECLARED_SELECTOR = YES;
				GCC_WARN_UNINITIALIZED_AUTOS = YES_AGGRESSIVE;
				GCC_WARN_UNUSED_FUNCTION = YES;
				GCC_WARN_UNUSED_VARIABLE = YES;
				MACOSX_DEPLOYMENT_TARGET = 10.9;
				ONLY_ACTIVE_ARCH = YES;
				SDKROOT = macosx;
			};
			name = Debug;
		};
		EFBEF9D819AFE3E300E2B824 /* Release */ = {
			isa = XCBuildConfiguration;
			buildSettings = {
				ALWAYS_SEARCH_USER_PATHS = NO;
				CLANG_CXX_LANGUAGE_STANDARD = "gnu++0x";
				CLANG_CXX_LIBRARY = "libc++";
				CLANG_ENABLE_MODULES = YES;
				CLANG_ENABLE_OBJC_ARC = YES;
				CLANG_WARN_BOOL_CONVERSION = YES;
				CLANG_WARN_CONSTANT_CONVERSION = YES;
				CLANG_WARN_DIRECT_OBJC_ISA_USAGE = YES_ERROR;
				CLANG_WARN_EMPTY_BODY = YES;
				CLANG_WARN_ENUM_CONVERSION = YES;
				CLANG_WARN_INT_CONVERSION = YES;
				CLANG_WARN_OBJC_ROOT_CLASS = YES_ERROR;
				CLANG_WARN__DUPLICATE_METHOD_MATCH = YES;
				COPY_PHASE_STRIP = YES;
				DEBUG_INFORMATION_FORMAT = "dwarf-with-dsym";
				ENABLE_NS_ASSERTIONS = NO;
				GCC_C_LANGUAGE_STANDARD = gnu99;
				GCC_ENABLE_OBJC_EXCEPTIONS = YES;
				GCC_WARN_64_TO_32_BIT_CONVERSION = YES;
				GCC_WARN_ABOUT_RETURN_TYPE = YES_ERROR;
				GCC_WARN_UNDECLARED_SELECTOR = YES;
				GCC_WARN_UNINITIALIZED_AUTOS = YES_AGGRESSIVE;
				GCC_WARN_UNUSED_FUNCTION = YES;
				GCC_WARN_UNUSED_VARIABLE = YES;
				MACOSX_DEPLOYMENT_TARGET = 10.9;
				SDKROOT = macosx;
			};
			name = Release;
		};
		EFBEF9DA19AFE3E300E2B824 /* Debug */ = {
			isa = XCBuildConfiguration;
			buildSettings = {
				PRODUCT_NAME = "$(TARGET_NAME)";
			};
			name = Debug;
		};
		EFBEF9DB19AFE3E300E2B824 /* Release */ = {
			isa = XCBuildConfiguration;
			buildSettings = {
				PRODUCT_NAME = "$(TARGET_NAME)";
			};
			name = Release;
		};
/* End XCBuildConfiguration section */

/* Begin XCConfigurationList section */
		EFBEF9CB19AFE3E300E2B824 /* Build configuration list for PBXProject "test" */ = {
			isa = XCConfigurationList;
			buildConfigurations = (
				EFBEF9D719AFE3E300E2B824 /* Debug */,
				EFBEF9D819AFE3E300E2B824 /* Release */,
			);
			defaultConfigurationIsVisible = 0;
			defaultConfigurationName = Release;
		};
		EFBEF9D919AFE3E300E2B824 /* Build configuration list for PBXNativeTarget "test" */ = {
			isa = XCConfigurationList;
			buildConfigurations = (
				EFBEF9DA19AFE3E300E2B824 /* Debug */,
				EFBEF9DB19AFE3E300E2B824 /* Release */,
			);
			defaultConfigurationIsVisible = 0;
		};
/* End XCConfigurationList section */
	};
	rootObject = EFBEF9C819AFE3E300E2B824 /* Project object */;
}
